
Microsoft Visual Studio Solution File, Format Version 12.00
Project("{FAE04EC0-301F-11D3-BF4B-00C04F79EFBC}") = "usually", "usually\usually.csproj", "{7C40B37A-4082-47A6-A82D-CEF5AFA4633A}"
EndProject
Project("{FAE04EC0-301F-11D3-BF4B-00C04F79EFBC}") = "ModTool", "ModTool\ModTool.csproj", "{D56138A0-C3A4-4E12-9D00-74D51661F8A4}"
EndProject
Project("{FAE04EC0-301F-11D3-BF4B-00C04F79EFBC}") = "Store", "Store\Store.csproj", "{DD80806D-E428-4008-864A-B5F0FE142770}"
EndProject
Project("{FAE04EC0-301F-11D3-BF4B-00C04F79EFBC}") = "XRay", "XRay\XRay.csproj", "{EE31289F-D035-4600-9425-EBA0AB12EB6B}"
EndProject
Project("{FAE04EC0-301F-11D3-BF4B-00C04F79EFBC}") = "TransferPort", "传送端口\TransferPort.csproj", "{78B14B4E-9A9E-44AB-9A26-7378CB9EF332}"
EndProject
Global
	GlobalSection(SolutionConfigurationPlatforms) = preSolution
		usually|Any CPU = usually|Any CPU
		火箭速度调节|Any CPU = 火箭速度调节|Any CPU
	EndGlobalSection
	GlobalSection(ProjectConfigurationPlatforms) = postSolution
		{D56138A0-C3A4-4E12-9D00-74D51661F8A4}.usually|Any CPU.ActiveCfg = usually|Any CPU
		{D56138A0-C3A4-4E12-9D00-74D51661F8A4}.usually|Any CPU.Build.0 = usually|Any CPU
		{D56138A0-C3A4-4E12-9D00-74D51661F8A4}.火箭速度调节|Any CPU.ActiveCfg = usually|Any CPU
		{DD80806D-E428-4008-864A-B5F0FE142770}.usually|Any CPU.ActiveCfg = Debug|Any CPU
		{DD80806D-E428-4008-864A-B5F0FE142770}.火箭速度调节|Any CPU.ActiveCfg = Debug|Any CPU
		{EE31289F-D035-4600-9425-EBA0AB12EB6B}.usually|Any CPU.ActiveCfg = Debug|Any CPU
		{EE31289F-D035-4600-9425-EBA0AB12EB6B}.火箭速度调节|Any CPU.ActiveCfg = Debug|Any CPU
		{7C40B37A-4082-47A6-A82D-CEF5AFA4633A}.usually|Any CPU.ActiveCfg = usually|Any CPU
		{7C40B37A-4082-47A6-A82D-CEF5AFA4633A}.usually|Any CPU.Build.0 = usually|Any CPU
		{7C40B37A-4082-47A6-A82D-CEF5AFA4633A}.火箭速度调节|Any CPU.ActiveCfg = 火箭速度调节|Any CPU
		{7C40B37A-4082-47A6-A82D-CEF5AFA4633A}.火箭速度调节|Any CPU.Build.0 = 火箭速度调节|Any CPU
		{78B14B4E-9A9E-44AB-9A26-7378CB9EF332}.usually|Any CPU.ActiveCfg = Debug|Any CPU
		{78B14B4E-9A9E-44AB-9A26-7378CB9EF332}.火箭速度调节|Any CPU.ActiveCfg = Debug|Any CPU
	EndGlobalSection
EndGlobal
